// !$*UTF8*$!
{
	archiveVersion = 1;
	classes = {
	};
	objectVersion = 56;
	objects = {

/* Begin PBXBuildFile section */
		32CB72CD065FEAD758F68488 /* Pods_alamofireApp.framework in Frameworks */ = {isa = PBXBuildFile; fileRef = 2D7A0C97C736802C6B3BC136 /* Pods_alamofireApp.framework */; };
		B444C61029A7836F00946E33 /* City.swift in Sources */ = {isa = PBXBuildFile; fileRef = B444C60F29A7836F00946E33 /* City.swift */; };
		B4A6A91329A239C500547216 /* AppDelegate.swift in Sources */ = {isa = PBXBuildFile; fileRef = B4A6A91229A239C500547216 /* AppDelegate.swift */; };
		B4A6A91529A239C500547216 /* SceneDelegate.swift in Sources */ = {isa = PBXBuildFile; fileRef = B4A6A91429A239C500547216 /* SceneDelegate.swift */; };
		B4A6A91A29A239C500547216 /* Main.storyboard in Resources */ = {isa = PBXBuildFile; fileRef = B4A6A91829A239C500547216 /* Main.storyboard */; };
		B4A6A91C29A239C700547216 /* Assets.xcassets in Resources */ = {isa = PBXBuildFile; fileRef = B4A6A91B29A239C700547216 /* Assets.xcassets */; };
		B4A6A91F29A239C700547216 /* LaunchScreen.storyboard in Resources */ = {isa = PBXBuildFile; fileRef = B4A6A91D29A239C700547216 /* LaunchScreen.storyboard */; };
		B4A6A92C29A2585F00547216 /* api_key.swift in Sources */ = {isa = PBXBuildFile; fileRef = B4A6A92B29A2585F00547216 /* api_key.swift */; };
		B4A6A92E29A2746100547216 /* MainCollectionViewController.swift in Sources */ = {isa = PBXBuildFile; fileRef = B4A6A92D29A2746100547216 /* MainCollectionViewController.swift */; };
		B4A6A95629A76A4800547216 /* WeatherCollectionViewCell.swift in Sources */ = {isa = PBXBuildFile; fileRef = B4A6A95529A76A4800547216 /* WeatherCollectionViewCell.swift */; };
/* End PBXBuildFile section */

/* Begin PBXFileReference section */
		2A5EA20AEE317209243FED89 /* Pods-alamofireApp.debug.xcconfig */ = {isa = PBXFileReference; includeInIndex = 1; lastKnownFileType = text.xcconfig; name = "Pods-alamofireApp.debug.xcconfig"; path = "Target Support Files/Pods-alamofireApp/Pods-alamofireApp.debug.xcconfig"; sourceTree = "<group>"; };
		2D7A0C97C736802C6B3BC136 /* Pods_alamofireApp.framework */ = {isa = PBXFileReference; explicitFileType = wrapper.framework; includeInIndex = 0; path = Pods_alamofireApp.framework; sourceTree = BUILT_PRODUCTS_DIR; };
		B444C60F29A7836F00946E33 /* City.swift */ = {isa = PBXFileReference; lastKnownFileType = sourcecode.swift; path = City.swift; sourceTree = "<group>"; };
		B4A6A90F29A239C500547216 /* alamofireApp.app */ = {isa = PBXFileReference; explicitFileType = wrapper.application; includeInIndex = 0; path = alamofireApp.app; sourceTree = BUILT_PRODUCTS_DIR; };
		B4A6A91229A239C500547216 /* AppDelegate.swift */ = {isa = PBXFileReference; lastKnownFileType = sourcecode.swift; path = AppDelegate.swift; sourceTree = "<group>"; };
		B4A6A91429A239C500547216 /* SceneDelegate.swift */ = {isa = PBXFileReference; lastKnownFileType = sourcecode.swift; path = SceneDelegate.swift; sourceTree = "<group>"; };
		B4A6A91929A239C500547216 /* Base */ = {isa = PBXFileReference; lastKnownFileType = file.storyboard; name = Base; path = Base.lproj/Main.storyboard; sourceTree = "<group>"; };
		B4A6A91B29A239C700547216 /* Assets.xcassets */ = {isa = PBXFileReference; lastKnownFileType = folder.assetcatalog; path = Assets.xcassets; sourceTree = "<group>"; };
		B4A6A91E29A239C700547216 /* Base */ = {isa = PBXFileReference; lastKnownFileType = file.storyboard; name = Base; path = Base.lproj/LaunchScreen.storyboard; sourceTree = "<group>"; };
		B4A6A92029A239C700547216 /* Info.plist */ = {isa = PBXFileReference; lastKnownFileType = text.plist.xml; path = Info.plist; sourceTree = "<group>"; };
		B4A6A92B29A2585F00547216 /* api_key.swift */ = {isa = PBXFileReference; lastKnownFileType = sourcecode.swift; path = api_key.swift; sourceTree = "<group>"; };
		B4A6A92D29A2746100547216 /* MainCollectionViewController.swift */ = {isa = PBXFileReference; lastKnownFileType = sourcecode.swift; path = MainCollectionViewController.swift; sourceTree = "<group>"; };
		B4A6A95529A76A4800547216 /* WeatherCollectionViewCell.swift */ = {isa = PBXFileReference; lastKnownFileType = sourcecode.swift; path = WeatherCollectionViewCell.swift; sourceTree = "<group>"; };
		DD502F1C61BA6DB5ADCA91CC /* Pods-alamofireApp.release.xcconfig */ = {isa = PBXFileReference; includeInIndex = 1; lastKnownFileType = text.xcconfig; name = "Pods-alamofireApp.release.xcconfig"; path = "Target Support Files/Pods-alamofireApp/Pods-alamofireApp.release.xcconfig"; sourceTree = "<group>"; };
/* End PBXFileReference section */

/* Begin PBXFrameworksBuildPhase section */
		B4A6A90C29A239C500547216 /* Frameworks */ = {
			isa = PBXFrameworksBuildPhase;
			buildActionMask = 2147483647;
			files = (
				32CB72CD065FEAD758F68488 /* Pods_alamofireApp.framework in Frameworks */,
			);
			runOnlyForDeploymentPostprocessing = 0;
		};
/* End PBXFrameworksBuildPhase section */

/* Begin PBXGroup section */
		2F43CCB6454AD4ECC5456AF3 /* Pods */ = {
			isa = PBXGroup;
			children = (
				2A5EA20AEE317209243FED89 /* Pods-alamofireApp.debug.xcconfig */,
				DD502F1C61BA6DB5ADCA91CC /* Pods-alamofireApp.release.xcconfig */,
			);
			path = Pods;
			sourceTree = "<group>";
		};
		6275C59510C24185C39FA1F7 /* Frameworks */ = {
			isa = PBXGroup;
			children = (
				2D7A0C97C736802C6B3BC136 /* Pods_alamofireApp.framework */,
			);
			name = Frameworks;
			sourceTree = "<group>";
		};
		B4A6A90629A239C500547216 = {
			isa = PBXGroup;
			children = (
				B4A6A91129A239C500547216 /* alamofireApp */,
				B4A6A91029A239C500547216 /* Products */,
				2F43CCB6454AD4ECC5456AF3 /* Pods */,
				6275C59510C24185C39FA1F7 /* Frameworks */,
			);
			sourceTree = "<group>";
		};
		B4A6A91029A239C500547216 /* Products */ = {
			isa = PBXGroup;
			children = (
				B4A6A90F29A239C500547216 /* alamofireApp.app */,
			);
			name = Products;
			sourceTree = "<group>";
		};
		B4A6A91129A239C500547216 /* alamofireApp */ = {
			isa = PBXGroup;
			children = (
				B4A6A92A29A23B9800547216 /* Models */,
				B4A6A92829A23B7B00547216 /* ViewControllers */,
				B4A6A92929A23B8800547216 /* Screens */,
				B4A6A92729A23B5D00547216 /* Supports */,
			);
			path = alamofireApp;
			sourceTree = "<group>";
		};
		B4A6A92729A23B5D00547216 /* Supports */ = {
			isa = PBXGroup;
			children = (
				B4A6A91229A239C500547216 /* AppDelegate.swift */,
				B4A6A91429A239C500547216 /* SceneDelegate.swift */,
				B4A6A91B29A239C700547216 /* Assets.xcassets */,
				B4A6A92029A239C700547216 /* Info.plist */,
			);
			path = Supports;
			sourceTree = "<group>";
		};
		B4A6A92829A23B7B00547216 /* ViewControllers */ = {
			isa = PBXGroup;
			children = (
				B4A6A92D29A2746100547216 /* MainCollectionViewController.swift */,
				B4A6A95529A76A4800547216 /* WeatherCollectionViewCell.swift */,
			);
			path = ViewControllers;
			sourceTree = "<group>";
		};
		B4A6A92929A23B8800547216 /* Screens */ = {
			isa = PBXGroup;
			children = (
				B4A6A91829A239C500547216 /* Main.storyboard */,
				B4A6A91D29A239C700547216 /* LaunchScreen.storyboard */,
			);
			path = Screens;
			sourceTree = "<group>";
		};
		B4A6A92A29A23B9800547216 /* Models */ = {
			isa = PBXGroup;
			children = (
				B4A6A92B29A2585F00547216 /* api_key.swift */,
				B444C60F29A7836F00946E33 /* City.swift */,
			);
			path = Models;
			sourceTree = "<group>";
		};
/* End PBXGroup section */

/* Begin PBXNativeTarget section */
		B4A6A90E29A239C500547216 /* alamofireApp */ = {
			isa = PBXNativeTarget;
			buildConfigurationList = B4A6A92329A239C700547216 /* Build configuration list for PBXNativeTarget "alamofireApp" */;
			buildPhases = (
				E3B0FAC89DA3F427D49049CA /* [CP] Check Pods Manifest.lock */,
				B4A6A90B29A239C500547216 /* Sources */,
				B4A6A90C29A239C500547216 /* Frameworks */,
				B4A6A90D29A239C500547216 /* Resources */,
				978A9F89DBC9641D999ADBA4 /* [CP] Embed Pods Frameworks */,
			);
			buildRules = (
			);
			dependencies = (
			);
			name = alamofireApp;
			productName = alamofireApp;
			productReference = B4A6A90F29A239C500547216 /* alamofireApp.app */;
			productType = "com.apple.product-type.application";
		};
/* End PBXNativeTarget section */

/* Begin PBXProject section */
		B4A6A90729A239C500547216 /* Project object */ = {
			isa = PBXProject;
			attributes = {
				BuildIndependentTargetsInParallel = 1;
				LastSwiftUpdateCheck = 1420;
				LastUpgradeCheck = 1420;
				TargetAttributes = {
					B4A6A90E29A239C500547216 = {
						CreatedOnToolsVersion = 14.2;
					};
				};
			};
			buildConfigurationList = B4A6A90A29A239C500547216 /* Build configuration list for PBXProject "alamofireApp" */;
			compatibilityVersion = "Xcode 14.0";
			developmentRegion = en;
			hasScannedForEncodings = 0;
			knownRegions = (
				en,
				Base,
			);
			mainGroup = B4A6A90629A239C500547216;
			productRefGroup = B4A6A91029A239C500547216 /* Products */;
			projectDirPath = "";
			projectRoot = "";
			targets = (
				B4A6A90E29A239C500547216 /* alamofireApp */,
			);
		};
/* End PBXProject section */

/* Begin PBXResourcesBuildPhase section */
		B4A6A90D29A239C500547216 /* Resources */ = {
			isa = PBXResourcesBuildPhase;
			buildActionMask = 2147483647;
			files = (
				B4A6A91F29A239C700547216 /* LaunchScreen.storyboard in Resources */,
				B4A6A91C29A239C700547216 /* Assets.xcassets in Resources */,
				B4A6A91A29A239C500547216 /* Main.storyboard in Resources */,
			);
			runOnlyForDeploymentPostprocessing = 0;
		};
/* End PBXResourcesBuildPhase section */

/* Begin PBXShellScriptBuildPhase section */
		978A9F89DBC9641D999ADBA4 /* [CP] Embed Pods Frameworks */ = {
			isa = PBXShellScriptBuildPhase;
			buildActionMask = 2147483647;
			files = (
			);
			inputFileListPaths = (
				"${PODS_ROOT}/Target Support Files/Pods-alamofireApp/Pods-alamofireApp-frameworks-${CONFIGURATION}-input-files.xcfilelist",
			);
			name = "[CP] Embed Pods Frameworks";
			outputFileListPaths = (
				"${PODS_ROOT}/Target Support Files/Pods-alamofireApp/Pods-alamofireApp-frameworks-${CONFIGURATION}-output-files.xcfilelist",
			);
			runOnlyForDeploymentPostprocessing = 0;
			shellPath = /bin/sh;
			shellScript = "\"${PODS_ROOT}/Target Support Files/Pods-alamofireApp/Pods-alamofireApp-frameworks.sh\"\n";
			showEnvVarsInLog = 0;
		};
		E3B0FAC89DA3F427D49049CA /* [CP] Check Pods Manifest.lock */ = {
			isa = PBXShellScriptBuildPhase;
			buildActionMask = 2147483647;
			files = (
			);
			inputFileListPaths = (
			);
			inputPaths = (
				"${PODS_PODFILE_DIR_PATH}/Podfile.lock",
				"${PODS_ROOT}/Manifest.lock",
			);
			name = "[CP] Check Pods Manifest.lock";
			outputFileListPaths = (
			);
			outputPaths = (
				"$(DERIVED_FILE_DIR)/Pods-alamofireApp-checkManifestLockResult.txt",
			);
			runOnlyForDeploymentPostprocessing = 0;
			shellPath = /bin/sh;
			shellScript = "diff \"${PODS_PODFILE_DIR_PATH}/Podfile.lock\" \"${PODS_ROOT}/Manifest.lock\" > /dev/null\nif [ $? != 0 ] ; then\n    # print error to STDERR\n    echo \"error: The sandbox is not in sync with the Podfile.lock. Run 'pod install' or update your CocoaPods installation.\" >&2\n    exit 1\nfi\n# This output is used by Xcode 'outputs' to avoid re-running this script phase.\necho \"SUCCESS\" > \"${SCRIPT_OUTPUT_FILE_0}\"\n";
			showEnvVarsInLog = 0;
		};
/* End PBXShellScriptBuildPhase section */

/* Begin PBXSourcesBuildPhase section */
		B4A6A90B29A239C500547216 /* Sources */ = {
			isa = PBXSourcesBuildPhase;
			buildActionMask = 2147483647;
			files = (
				B4A6A95629A76A4800547216 /* WeatherCollectionViewCell.swift in Sources */,
				B4A6A91329A239C500547216 /* AppDelegate.swift in Sources */,
				B444C61029A7836F00946E33 /* City.swift in Sources */,
				B4A6A92E29A2746100547216 /* MainCollectionViewController.swift in Sources */,
				B4A6A92C29A2585F00547216 /* api_key.swift in Sources */,
				B4A6A91529A239C500547216 /* SceneDelegate.swift in Sources */,
			);
			runOnlyForDeploymentPostprocessing = 0;
		};
/* End PBXSourcesBuildPhase section */

/* Begin PBXVariantGroup section */
		B4A6A91829A239C500547216 /* Main.storyboard */ = {
			isa = PBXVariantGroup;
			children = (
				B4A6A91929A239C500547216 /* Base */,
			);
			name = Main.storyboard;
			sourceTree = "<group>";
		};
		B4A6A91D29A239C700547216 /* LaunchScreen.storyboard */ = {
			isa = PBXVariantGroup;
			children = (
				B4A6A91E29A239C700547216 /* Base */,
			);
			name = LaunchScreen.storyboard;
			sourceTree = "<group>";
		};
/* End PBXVariantGroup section */

/* Begin XCBuildConfiguration section */
		B4A6A92129A239C700547216 /* Debug */ = {
			isa = XCBuildConfiguration;
			buildSettings = {
				ALWAYS_SEARCH_USER_PATHS = NO;
				CLANG_ANALYZER_NONNULL = YES;
				CLANG_ANALYZER_NUMBER_OBJECT_CONVERSION = YES_AGGRESSIVE;
				CLANG_CXX_LANGUAGE_STANDARD = "gnu++20";
				CLANG_ENABLE_MODULES = YES;
				CLANG_ENABLE_OBJC_ARC = YES;
				CLANG_ENABLE_OBJC_WEAK = YES;
				CLANG_WARN_BLOCK_CAPTURE_AUTORELEASING = YES;
				CLANG_WARN_BOOL_CONVERSION = YES;
				CLANG_WARN_COMMA = YES;
				CLANG_WARN_CONSTANT_CONVERSION = YES;
				CLANG_WARN_DEPRECATED_OBJC_IMPLEMENTATIONS = YES;
				CLANG_WARN_DIRECT_OBJC_ISA_USAGE = YES_ERROR;
				CLANG_WARN_DOCUMENTATION_COMMENTS = YES;
				CLANG_WARN_EMPTY_BODY = YES;
				CLANG_WARN_ENUM_CONVERSION = YES;
				CLANG_WARN_INFINITE_RECURSION = YES;
				CLANG_WARN_INT_CONVERSION = YES;
				CLANG_WARN_NON_LITERAL_NULL_CONVERSION = YES;
				CLANG_WARN_OBJC_IMPLICIT_RETAIN_SELF = YES;
				CLANG_WARN_OBJC_LITERAL_CONVERSION = YES;
				CLANG_WARN_OBJC_ROOT_CLASS = YES_ERROR;
				CLANG_WARN_QUOTED_INCLUDE_IN_FRAMEWORK_HEADER = YES;
				CLANG_WARN_RANGE_LOOP_ANALYSIS = YES;
				CLANG_WARN_STRICT_PROTOTYPES = YES;
				CLANG_WARN_SUSPICIOUS_MOVE = YES;
				CLANG_WARN_UNGUARDED_AVAILABILITY = YES_AGGRESSIVE;
				CLANG_WARN_UNREACHABLE_CODE = YES;
				CLANG_WARN__DUPLICATE_METHOD_MATCH = YES;
				COPY_PHASE_STRIP = NO;
				DEBUG_INFORMATION_FORMAT = dwarf;
				ENABLE_STRICT_OBJC_MSGSEND = YES;
				ENABLE_TESTABILITY = YES;
				GCC_C_LANGUAGE_STANDARD = gnu11;
				GCC_DYNAMIC_NO_PIC = NO;
				GCC_NO_COMMON_BLOCKS = YES;
				GCC_OPTIMIZATION_LEVEL = 0;
				GCC_PREPROCESSOR_DEFINITIONS = (
					"DEBUG=1",
					"$(inherited)",
				);
				GCC_WARN_64_TO_32_BIT_CONVERSION = YES;
				GCC_WARN_ABOUT_RETURN_TYPE = YES_ERROR;
				GCC_WARN_UNDECLARED_SELECTOR = YES;
				GCC_WARN_UNINITIALIZED_AUTOS = YES_AGGRESSIVE;
				GCC_WARN_UNUSED_FUNCTION = YES;
				GCC_WARN_UNUSED_VARIABLE = YES;
				IPHONEOS_DEPLOYMENT_TARGET = 16.2;
				MTL_ENABLE_DEBUG_INFO = INCLUDE_SOURCE;
				MTL_FAST_MATH = YES;
				ONLY_ACTIVE_ARCH = YES;
				SDKROOT = iphoneos;
				SWIFT_ACTIVE_COMPILATION_CONDITIONS = DEBUG;
				SWIFT_OPTIMIZATION_LEVEL = "-Onone";
			};
			name = Debug;
		};
		B4A6A92229A239C700547216 /* Release */ = {
			isa = XCBuildConfiguration;
			buildSettings = {
				ALWAYS_SEARCH_USER_PATHS = NO;
				CLANG_ANALYZER_NONNULL = YES;
				CLANG_ANALYZER_NUMBER_OBJECT_CONVERSION = YES_AGGRESSIVE;
				CLANG_CXX_LANGUAGE_STANDARD = "gnu++20";
				CLANG_ENABLE_MODULES = YES;
				CLANG_ENABLE_OBJC_ARC = YES;
				CLANG_ENABLE_OBJC_WEAK = YES;
				CLANG_WARN_BLOCK_CAPTURE_AUTORELEASING = YES;
				CLANG_WARN_BOOL_CONVERSION = YES;
				CLANG_WARN_COMMA = YES;
				CLANG_WARN_CONSTANT_CONVERSION = YES;
				CLANG_WARN_DEPRECATED_OBJC_IMPLEMENTATIONS = YES;
				CLANG_WARN_DIRECT_OBJC_ISA_USAGE = YES_ERROR;
				CLANG_WARN_DOCUMENTATION_COMMENTS = YES;
				CLANG_WARN_EMPTY_BODY = YES;
				CLANG_WARN_ENUM_CONVERSION = YES;
				CLANG_WARN_INFINITE_RECURSION = YES;
				CLANG_WARN_INT_CONVERSION = YES;
				CLANG_WARN_NON_LITERAL_NULL_CONVERSION = YES;
				CLANG_WARN_OBJC_IMPLICIT_RETAIN_SELF = YES;
				CLANG_WARN_OBJC_LITERAL_CONVERSION = YES;
				CLANG_WARN_OBJC_ROOT_CLASS = YES_ERROR;
				CLANG_WARN_QUOTED_INCLUDE_IN_FRAMEWORK_HEADER = YES;
				CLANG_WARN_RANGE_LOOP_ANALYSIS = YES;
				CLANG_WARN_STRICT_PROTOTYPES = YES;
				CLANG_WARN_SUSPICIOUS_MOVE = YES;
				CLANG_WARN_UNGUARDED_AVAILABILITY = YES_AGGRESSIVE;
				CLANG_WARN_UNREACHABLE_CODE = YES;
				CLANG_WARN__DUPLICATE_METHOD_MATCH = YES;
				COPY_PHASE_STRIP = NO;
				DEBUG_INFORMATION_FORMAT = "dwarf-with-dsym";
				ENABLE_NS_ASSERTIONS = NO;
				ENABLE_STRICT_OBJC_MSGSEND = YES;
				GCC_C_LANGUAGE_STANDARD = gnu11;
				GCC_NO_COMMON_BLOCKS = YES;
				GCC_WARN_64_TO_32_BIT_CONVERSION = YES;
				GCC_WARN_ABOUT_RETURN_TYPE = YES_ERROR;
				GCC_WARN_UNDECLARED_SELECTOR = YES;
				GCC_WARN_UNINITIALIZED_AUTOS = YES_AGGRESSIVE;
				GCC_WARN_UNUSED_FUNCTION = YES;
				GCC_WARN_UNUSED_VARIABLE = YES;
				IPHONEOS_DEPLOYMENT_TARGET = 16.2;
				MTL_ENABLE_DEBUG_INFO = NO;
				MTL_FAST_MATH = YES;
				SDKROOT = iphoneos;
				SWIFT_COMPILATION_MODE = wholemodule;
				SWIFT_OPTIMIZATION_LEVEL = "-O";
				VALIDATE_PRODUCT = YES;
			};
			name = Release;
		};
		B4A6A92429A239C700547216 /* Debug */ = {
			isa = XCBuildConfiguration;
			baseConfigurationReference = 2A5EA20AEE317209243FED89 /* Pods-alamofireApp.debug.xcconfig */;
			buildSettings = {
				ASSETCATALOG_COMPILER_APPICON_NAME = AppIcon;
				ASSETCATALOG_COMPILER_GLOBAL_ACCENT_COLOR_NAME = AccentColor;
				CODE_SIGN_STYLE = Automatic;
				CURRENT_PROJECT_VERSION = 1;
				DEVELOPMENT_TEAM = BVXR3NMJ8K;
				GENERATE_INFOPLIST_FILE = YES;
				INFOPLIST_FILE = alamofireApp/Supports/Info.plist;
				INFOPLIST_KEY_UIApplicationSupportsIndirectInputEvents = YES;
				INFOPLIST_KEY_UILaunchStoryboardName = LaunchScreen;
				INFOPLIST_KEY_UIMainStoryboardFile = Main;
				INFOPLIST_KEY_UISupportedInterfaceOrientations_iPad = "UIInterfaceOrientationPortrait UIInterfaceOrientationPortraitUpsideDown UIInterfaceOrientationLandscapeLeft UIInterfaceOrientationLandscapeRight";
				INFOPLIST_KEY_UISupportedInterfaceOrientations_iPhone = "UIInterfaceOrientationPortrait UIInterfaceOrientationLandscapeLeft UIInterfaceOrientationLandscapeRight";
				LD_RUNPATH_SEARCH_PATHS = (
					"$(inherited)",
					"@executable_path/Frameworks",
				);
				MARKETING_VERSION = 1.0;
				PRODUCT_BUNDLE_IDENTIFIER = aidarbye.alamofireApp;
				PRODUCT_NAME = "$(TARGET_NAME)";
				SUPPORTED_PLATFORMS = "iphoneos iphonesimulator";
				SUPPORTS_MACCATALYST = NO;
				SUPPORTS_MAC_DESIGNED_FOR_IPHONE_IPAD = NO;
				SWIFT_EMIT_LOC_STRINGS = YES;
				SWIFT_VERSION = 5.0;
				TARGETED_DEVICE_FAMILY = 1;
			};
			name = Debug;
		};
		B4A6A92529A239C700547216 /* Release */ = {
			isa = XCBuildConfiguration;
			baseConfigurationReference = DD502F1C61BA6DB5ADCA91CC /* Pods-alamofireApp.release.xcconfig */;
			buildSettings = {
				ASSETCATALOG_COMPILER_APPICON_NAME = AppIcon;
				ASSETCATALOG_COMPILER_GLOBAL_ACCENT_COLOR_NAME = AccentColor;
				CODE_SIGN_STYLE = Automatic;
				CURRENT_PROJECT_VERSION = 1;
				DEVELOPMENT_TEAM = BVXR3NMJ8K;
				GENERATE_INFOPLIST_FILE = YES;
				INFOPLIST_FILE = alamofireApp/Supports/Info.plist;
				INFOPLIST_KEY_UIApplicationSupportsIndirectInputEvents = YES;
				INFOPLIST_KEY_UILaunchStoryboardName = LaunchScreen;
				INFOPLIST_KEY_UIMainStoryboardFile = Main;
				INFOPLIST_KEY_UISupportedInterfaceOrientations_iPad = "UIInterfaceOrientationPortrait UIInterfaceOrientationPortraitUpsideDown UIInterfaceOrientationLandscapeLeft UIInterfaceOrientationLandscapeRight";
				INFOPLIST_KEY_UISupportedInterfaceOrientations_iPhone = "UIInterfaceOrientationPortrait UIInterfaceOrientationLandscapeLeft UIInterfaceOrientationLandscapeRight";
				LD_RUNPATH_SEARCH_PATHS = (
					"$(inherited)",
					"@executable_path/Frameworks",
				);
				MARKETING_VERSION = 1.0;
				PRODUCT_BUNDLE_IDENTIFIER = aidarbye.alamofireApp;
				PRODUCT_NAME = "$(TARGET_NAME)";
				SUPPORTED_PLATFORMS = "iphoneos iphonesimulator";
				SUPPORTS_MACCATALYST = NO;
				SUPPORTS_MAC_DESIGNED_FOR_IPHONE_IPAD = NO;
				SWIFT_EMIT_LOC_STRINGS = YES;
				SWIFT_VERSION = 5.0;
				TARGETED_DEVICE_FAMILY = 1;
			};
			name = Release;
		};
/* End XCBuildConfiguration section */

/* Begin XCConfigurationList section */
		B4A6A90A29A239C500547216 /* Build configuration list for PBXProject "alamofireApp" */ = {
			isa = XCConfigurationList;
			buildConfigurations = (
				B4A6A92129A239C700547216 /* Debug */,
				B4A6A92229A239C700547216 /* Release */,
			);
			defaultConfigurationIsVisible = 0;
			defaultConfigurationName = Release;
		};
		B4A6A92329A239C700547216 /* Build configuration list for PBXNativeTarget "alamofireApp" */ = {
			isa = XCConfigurationList;
			buildConfigurations = (
				B4A6A92429A239C700547216 /* Debug */,
				B4A6A92529A239C700547216 /* Release */,
			);
			defaultConfigurationIsVisible = 0;
			defaultConfigurationName = Release;
		};
/* End XCConfigurationList section */
	};
	rootObject = B4A6A90729A239C500547216 /* Project object */;
}
